
Microsoft Visual Studio Solution File, Format Version 12.00
# Visual Studio Version 17
VisualStudioVersion = 17.14.36414.22
MinimumVisualStudioVersion = 10.0.40219.1
Project("{FAE04EC0-301F-11D3-BF4B-00C04F79EFBC}") = "StarterApp", "StarterApp\StarterApp.csproj", "{65D0FCE4-5465-456B-8AAC-9DF5C6B25223}"
EndProject
Global
	GlobalSection(SolutionConfigurationPlatforms) = preSolution
		Debug|Any CPU = Debug|Any CPU
		Release|Any CPU = Release|Any CPU
	EndGlobalSection
	GlobalSection(ProjectConfigurationPlatforms) = postSolution
		{65D0FCE4-5465-456B-8AAC-9DF5C6B25223}.Debug|Any CPU.ActiveCfg = Debug|Any CPU
		{65D0FCE4-5465-456B-8AAC-9DF5C6B25223}.Debug|Any CPU.Build.0 = Debug|Any CPU
		{65D0FCE4-5465-456B-8AAC-9DF5C6B25223}.Release|Any CPU.ActiveCfg = Release|Any CPU
		{65D0FCE4-5465-456B-8AAC-9DF5C6B25223}.Release|Any CPU.Build.0 = Release|Any CPU
	EndGlobalSection
	GlobalSection(SolutionProperties) = preSolution
		HideSolutionNode = FALSE
	EndGlobalSection
	GlobalSection(ExtensibilityGlobals) = postSolution
		SolutionGuid = {AC4A6162-1477-483E-B3CA-2B5F0F116F06}
	EndGlobalSection
EndGlobal
